
Microsoft Visual Studio Solution File, Format Version 12.00
# Visual Studio Version 16
VisualStudioVersion = 16.0.31624.102
MinimumVisualStudioVersion = 10.0.40219.1
Project("{FAE04EC0-301F-11D3-BF4B-00C04F79EFBC}") = "SyasyaDesign", "SyasyaDesign\SyasyaDesign.csproj", "{CAC68B04-9114-4445-BD1D-53268BA0E8E6}"
EndProject
Global
	GlobalSection(SolutionConfigurationPlatforms) = preSolution
		Debug|Any CPU = Debug|Any CPU
		Release|Any CPU = Release|Any CPU
	EndGlobalSection
	GlobalSection(ProjectConfigurationPlatforms) = postSolution
		{CAC68B04-9114-4445-BD1D-53268BA0E8E6}.Debug|Any CPU.ActiveCfg = Debug|Any CPU
		{CAC68B04-9114-4445-BD1D-53268BA0E8E6}.Debug|Any CPU.Build.0 = Debug|Any CPU
		{CAC68B04-9114-4445-BD1D-53268BA0E8E6}.Release|Any CPU.ActiveCfg = Release|Any CPU
		{CAC68B04-9114-4445-BD1D-53268BA0E8E6}.Release|Any CPU.Build.0 = Release|Any CPU
	EndGlobalSection
	GlobalSection(SolutionProperties) = preSolution
		HideSolutionNode = FALSE
	EndGlobalSection
	GlobalSection(ExtensibilityGlobals) = postSolution
		SolutionGuid = {542FF180-8B1A-4617-A22A-6427E04B60DE}
	EndGlobalSection
EndGlobal
